
Microsoft Visual Studio Solution File, Format Version 12.00
# Visual Studio 14
VisualStudioVersion = 14.0.25420.1
MinimumVisualStudioVersion = 10.0.40219.1
Project("{FAE04EC0-301F-11D3-BF4B-00C04F79EFBC}") = "vevisoft", "vevisoft\vevisoft.csproj", "{7DB1374B-0060-425D-B05D-14B21E388FBB}"
EndProject
Project("{FAE04EC0-301F-11D3-BF4B-00C04F79EFBC}") = "UnitTest", "UnitTest\UnitTest.csproj", "{F4D2C4B6-640B-4460-B11F-0F7DCD6DF29E}"
EndProject
Global
	GlobalSection(SolutionConfigurationPlatforms) = preSolution
		Debug|Any CPU = Debug|Any CPU
		Release|Any CPU = Release|Any CPU
	EndGlobalSection
	GlobalSection(ProjectConfigurationPlatforms) = postSolution
		{7DB1374B-0060-425D-B05D-14B21E388FBB}.Debug|Any CPU.ActiveCfg = Debug|Any CPU
		{7DB1374B-0060-425D-B05D-14B21E388FBB}.Debug|Any CPU.Build.0 = Debug|Any CPU
		{7DB1374B-0060-425D-B05D-14B21E388FBB}.Release|Any CPU.ActiveCfg = Release|Any CPU
		{7DB1374B-0060-425D-B05D-14B21E388FBB}.Release|Any CPU.Build.0 = Release|Any CPU
		{F4D2C4B6-640B-4460-B11F-0F7DCD6DF29E}.Debug|Any CPU.ActiveCfg = Debug|Any CPU
		{F4D2C4B6-640B-4460-B11F-0F7DCD6DF29E}.Debug|Any CPU.Build.0 = Debug|Any CPU
		{F4D2C4B6-640B-4460-B11F-0F7DCD6DF29E}.Release|Any CPU.ActiveCfg = Release|Any CPU
		{F4D2C4B6-640B-4460-B11F-0F7DCD6DF29E}.Release|Any CPU.Build.0 = Release|Any CPU
	EndGlobalSection
	GlobalSection(SolutionProperties) = preSolution
		HideSolutionNode = FALSE
	EndGlobalSection
EndGlobal
